
Microsoft Visual Studio Solution File, Format Version 12.00
# Visual Studio Version 16
VisualStudioVersion = 16.0.29424.173
MinimumVisualStudioVersion = 10.0.40219.1
Project("{FAE04EC0-301F-11D3-BF4B-00C04F79EFBC}") = "CasusContainervervoer", "Casus - Containervervoer\CasusContainervervoer.csproj", "{202CB9B8-D557-4B39-BF08-B2D4E3FA9404}"
EndProject
Project("{FAE04EC0-301F-11D3-BF4B-00C04F79EFBC}") = "Classes", "Classes\Classes.csproj", "{DFECAFD5-BA46-461F-B3A4-B3D0E9463C99}"
EndProject
Project("{FAE04EC0-301F-11D3-BF4B-00C04F79EFBC}") = "ClassesTests", "ClassesTests\ClassesTests.csproj", "{51E5F354-8D01-4EB9-9BD9-FFE47CCA5C93}"
EndProject
Global
	GlobalSection(SolutionConfigurationPlatforms) = preSolution
		Debug|Any CPU = Debug|Any CPU
		Release|Any CPU = Release|Any CPU
	EndGlobalSection
	GlobalSection(ProjectConfigurationPlatforms) = postSolution
		{202CB9B8-D557-4B39-BF08-B2D4E3FA9404}.Debug|Any CPU.ActiveCfg = Debug|Any CPU
		{202CB9B8-D557-4B39-BF08-B2D4E3FA9404}.Debug|Any CPU.Build.0 = Debug|Any CPU
		{202CB9B8-D557-4B39-BF08-B2D4E3FA9404}.Release|Any CPU.ActiveCfg = Release|Any CPU
		{202CB9B8-D557-4B39-BF08-B2D4E3FA9404}.Release|Any CPU.Build.0 = Release|Any CPU
		{DFECAFD5-BA46-461F-B3A4-B3D0E9463C99}.Debug|Any CPU.ActiveCfg = Debug|Any CPU
		{DFECAFD5-BA46-461F-B3A4-B3D0E9463C99}.Debug|Any CPU.Build.0 = Debug|Any CPU
		{DFECAFD5-BA46-461F-B3A4-B3D0E9463C99}.Release|Any CPU.ActiveCfg = Release|Any CPU
		{DFECAFD5-BA46-461F-B3A4-B3D0E9463C99}.Release|Any CPU.Build.0 = Release|Any CPU
		{51E5F354-8D01-4EB9-9BD9-FFE47CCA5C93}.Debug|Any CPU.ActiveCfg = Debug|Any CPU
		{51E5F354-8D01-4EB9-9BD9-FFE47CCA5C93}.Debug|Any CPU.Build.0 = Debug|Any CPU
		{51E5F354-8D01-4EB9-9BD9-FFE47CCA5C93}.Release|Any CPU.ActiveCfg = Release|Any CPU
		{51E5F354-8D01-4EB9-9BD9-FFE47CCA5C93}.Release|Any CPU.Build.0 = Release|Any CPU
	EndGlobalSection
	GlobalSection(SolutionProperties) = preSolution
		HideSolutionNode = FALSE
	EndGlobalSection
	GlobalSection(ExtensibilityGlobals) = postSolution
		SolutionGuid = {35DE670B-ECAC-4D60-8BBB-D1AFB1DE424B}
	EndGlobalSection
EndGlobal
