
Microsoft Visual Studio Solution File, Format Version 12.00
# Visual Studio Version 16
VisualStudioVersion = 16.0.29424.173
MinimumVisualStudioVersion = 10.0.40219.1
Project("{FAE04EC0-301F-11D3-BF4B-00C04F79EFBC}") = "Casus - Containervervoer", "Casus - Containervervoer\Casus - Containervervoer.csproj", "{202CB9B8-D557-4B39-BF08-B2D4E3FA9404}"
EndProject
Global
	GlobalSection(SolutionConfigurationPlatforms) = preSolution
		Debug|Any CPU = Debug|Any CPU
		Release|Any CPU = Release|Any CPU
	EndGlobalSection
	GlobalSection(ProjectConfigurationPlatforms) = postSolution
		{202CB9B8-D557-4B39-BF08-B2D4E3FA9404}.Debug|Any CPU.ActiveCfg = Debug|Any CPU
		{202CB9B8-D557-4B39-BF08-B2D4E3FA9404}.Debug|Any CPU.Build.0 = Debug|Any CPU
		{202CB9B8-D557-4B39-BF08-B2D4E3FA9404}.Release|Any CPU.ActiveCfg = Release|Any CPU
		{202CB9B8-D557-4B39-BF08-B2D4E3FA9404}.Release|Any CPU.Build.0 = Release|Any CPU
	EndGlobalSection
	GlobalSection(SolutionProperties) = preSolution
		HideSolutionNode = FALSE
	EndGlobalSection
	GlobalSection(ExtensibilityGlobals) = postSolution
		SolutionGuid = {35DE670B-ECAC-4D60-8BBB-D1AFB1DE424B}
	EndGlobalSection
EndGlobal
