
Microsoft Visual Studio Solution File, Format Version 12.00
# Visual Studio Version 16
VisualStudioVersion = 16.0.29411.108
MinimumVisualStudioVersion = 10.0.40219.1
Project("{FAE04EC0-301F-11D3-BF4B-00C04F79EFBC}") = "Casus - Circustrein_v2", "Casus - Circustrein_v2\Casus - Circustrein_v2.csproj", "{42E7EED4-2662-46DF-B239-B889524D3CE1}"
EndProject
Project("{FAE04EC0-301F-11D3-BF4B-00C04F79EFBC}") = "Casus - Circustrein_v2Tests", "Casus - Circustrein_v2Tests\Casus - Circustrein_v2Tests.csproj", "{CFC9814C-D057-45AD-B928-28380026784A}"
EndProject
Global
	GlobalSection(SolutionConfigurationPlatforms) = preSolution
		Debug|Any CPU = Debug|Any CPU
		Release|Any CPU = Release|Any CPU
	EndGlobalSection
	GlobalSection(ProjectConfigurationPlatforms) = postSolution
		{42E7EED4-2662-46DF-B239-B889524D3CE1}.Debug|Any CPU.ActiveCfg = Debug|Any CPU
		{42E7EED4-2662-46DF-B239-B889524D3CE1}.Debug|Any CPU.Build.0 = Debug|Any CPU
		{42E7EED4-2662-46DF-B239-B889524D3CE1}.Release|Any CPU.ActiveCfg = Release|Any CPU
		{42E7EED4-2662-46DF-B239-B889524D3CE1}.Release|Any CPU.Build.0 = Release|Any CPU
		{CFC9814C-D057-45AD-B928-28380026784A}.Debug|Any CPU.ActiveCfg = Debug|Any CPU
		{CFC9814C-D057-45AD-B928-28380026784A}.Debug|Any CPU.Build.0 = Debug|Any CPU
		{CFC9814C-D057-45AD-B928-28380026784A}.Release|Any CPU.ActiveCfg = Release|Any CPU
		{CFC9814C-D057-45AD-B928-28380026784A}.Release|Any CPU.Build.0 = Release|Any CPU
	EndGlobalSection
	GlobalSection(SolutionProperties) = preSolution
		HideSolutionNode = FALSE
	EndGlobalSection
	GlobalSection(ExtensibilityGlobals) = postSolution
		SolutionGuid = {7F72446E-147C-490F-91F1-E1D9BE70A5D8}
	EndGlobalSection
EndGlobal
