
Microsoft Visual Studio Solution File, Format Version 12.00
# Visual Studio Version 16
VisualStudioVersion = 16.0.29503.13
MinimumVisualStudioVersion = 10.0.40219.1
Project("{FAE04EC0-301F-11D3-BF4B-00C04F79EFBC}") = "EmployeeManager", "Meerlaagse Architectuur\EmployeeManager.csproj", "{3DA698EA-DF56-4449-AE97-EE42EACE032F}"
EndProject
Project("{FAE04EC0-301F-11D3-BF4B-00C04F79EFBC}") = "EmployeeManager.Data", "EmployeeManager.Data\EmployeeManager.Data.csproj", "{C4E433B7-6D62-43C5-AD81-687E99712327}"
EndProject
Project("{FAE04EC0-301F-11D3-BF4B-00C04F79EFBC}") = "EmployeeManager.Business", "EmployeeManager.Business\EmployeeManager.Business.csproj", "{101A8B5F-28D1-41FD-B0C9-102C68AB1D06}"
EndProject
Project("{FAE04EC0-301F-11D3-BF4B-00C04F79EFBC}") = "EmployeeManager.Console", "EmployeeManager.Console\EmployeeManager.Console.csproj", "{11D39DB8-5239-486D-9ED2-0781D4055416}"
EndProject
Global
	GlobalSection(SolutionConfigurationPlatforms) = preSolution
		Debug|Any CPU = Debug|Any CPU
		Release|Any CPU = Release|Any CPU
	EndGlobalSection
	GlobalSection(ProjectConfigurationPlatforms) = postSolution
		{3DA698EA-DF56-4449-AE97-EE42EACE032F}.Debug|Any CPU.ActiveCfg = Debug|Any CPU
		{3DA698EA-DF56-4449-AE97-EE42EACE032F}.Debug|Any CPU.Build.0 = Debug|Any CPU
		{3DA698EA-DF56-4449-AE97-EE42EACE032F}.Release|Any CPU.ActiveCfg = Release|Any CPU
		{3DA698EA-DF56-4449-AE97-EE42EACE032F}.Release|Any CPU.Build.0 = Release|Any CPU
		{C4E433B7-6D62-43C5-AD81-687E99712327}.Debug|Any CPU.ActiveCfg = Debug|Any CPU
		{C4E433B7-6D62-43C5-AD81-687E99712327}.Debug|Any CPU.Build.0 = Debug|Any CPU
		{C4E433B7-6D62-43C5-AD81-687E99712327}.Release|Any CPU.ActiveCfg = Release|Any CPU
		{C4E433B7-6D62-43C5-AD81-687E99712327}.Release|Any CPU.Build.0 = Release|Any CPU
		{101A8B5F-28D1-41FD-B0C9-102C68AB1D06}.Debug|Any CPU.ActiveCfg = Debug|Any CPU
		{101A8B5F-28D1-41FD-B0C9-102C68AB1D06}.Debug|Any CPU.Build.0 = Debug|Any CPU
		{101A8B5F-28D1-41FD-B0C9-102C68AB1D06}.Release|Any CPU.ActiveCfg = Release|Any CPU
		{101A8B5F-28D1-41FD-B0C9-102C68AB1D06}.Release|Any CPU.Build.0 = Release|Any CPU
		{11D39DB8-5239-486D-9ED2-0781D4055416}.Debug|Any CPU.ActiveCfg = Debug|Any CPU
		{11D39DB8-5239-486D-9ED2-0781D4055416}.Debug|Any CPU.Build.0 = Debug|Any CPU
		{11D39DB8-5239-486D-9ED2-0781D4055416}.Release|Any CPU.ActiveCfg = Release|Any CPU
		{11D39DB8-5239-486D-9ED2-0781D4055416}.Release|Any CPU.Build.0 = Release|Any CPU
	EndGlobalSection
	GlobalSection(SolutionProperties) = preSolution
		HideSolutionNode = FALSE
	EndGlobalSection
	GlobalSection(ExtensibilityGlobals) = postSolution
		SolutionGuid = {2FEDB48F-0C38-48DC-9B76-D88D7451B19B}
	EndGlobalSection
EndGlobal
